// !$*UTF8*$!
{
	archiveVersion = 1;
	classes = {
	};
	objectVersion = 48;
	objects = {

/* Begin PBXBuildFile section */
		311A9F301EEB401C009F9415 /* AppDelegate.swift in Sources */ = {isa = PBXBuildFile; fileRef = 311A9F2F1EEB401C009F9415 /* AppDelegate.swift */; };
		311A9F341EEB401C009F9415 /* ViewController.swift in Sources */ = {isa = PBXBuildFile; fileRef = 311A9F331EEB401C009F9415 /* ViewController.swift */; };
		311A9F371EEB401C009F9415 /* Main.storyboard in Resources */ = {isa = PBXBuildFile; fileRef = 311A9F351EEB401C009F9415 /* Main.storyboard */; };
		311A9F391EEB401C009F9415 /* Assets.xcassets in Resources */ = {isa = PBXBuildFile; fileRef = 311A9F381EEB401C009F9415 /* Assets.xcassets */; };
		311A9F3C1EEB401C009F9415 /* LaunchScreen.storyboard in Resources */ = {isa = PBXBuildFile; fileRef = 311A9F3A1EEB401C009F9415 /* LaunchScreen.storyboard */; };
		313D13D61EFD8FA900733056 /* milkcan.dae in Resources */ = {isa = PBXBuildFile; fileRef = 313D13D51EFD8FA900733056 /* milkcan.dae */; };
/* End PBXBuildFile section */

/* Begin PBXFileReference section */
		311A9F2C1EEB401C009F9415 /* AR Project 3D.app */ = {isa = PBXFileReference; explicitFileType = wrapper.application; includeInIndex = 0; path = "AR Project 3D.app"; sourceTree = BUILT_PRODUCTS_DIR; };
		311A9F2F1EEB401C009F9415 /* AppDelegate.swift */ = {isa = PBXFileReference; lastKnownFileType = sourcecode.swift; path = AppDelegate.swift; sourceTree = "<group>"; };
		311A9F331EEB401C009F9415 /* ViewController.swift */ = {isa = PBXFileReference; lastKnownFileType = sourcecode.swift; path = ViewController.swift; sourceTree = "<group>"; };
		311A9F361EEB401C009F9415 /* Base */ = {isa = PBXFileReference; lastKnownFileType = file.storyboard; name = Base; path = Base.lproj/Main.storyboard; sourceTree = "<group>"; };
		311A9F381EEB401C009F9415 /* Assets.xcassets */ = {isa = PBXFileReference; lastKnownFileType = folder.assetcatalog; path = Assets.xcassets; sourceTree = "<group>"; };
		311A9F3B1EEB401C009F9415 /* Base */ = {isa = PBXFileReference; lastKnownFileType = file.storyboard; name = Base; path = Base.lproj/LaunchScreen.storyboard; sourceTree = "<group>"; };
		311A9F3D1EEB401C009F9415 /* Info.plist */ = {isa = PBXFileReference; lastKnownFileType = text.plist.xml; path = Info.plist; sourceTree = "<group>"; };
		313D13D51EFD8FA900733056 /* milkcan.dae */ = {isa = PBXFileReference; fileEncoding = 4; lastKnownFileType = text.xml.dae; name = milkcan.dae; path = ../../../../Desktop/milkcan.dae; sourceTree = "<group>"; };
/* End PBXFileReference section */

/* Begin PBXFrameworksBuildPhase section */
		311A9F291EEB401C009F9415 /* Frameworks */ = {
			isa = PBXFrameworksBuildPhase;
			buildActionMask = 2147483647;
			files = (
			);
			runOnlyForDeploymentPostprocessing = 0;
		};
/* End PBXFrameworksBuildPhase section */

/* Begin PBXGroup section */
		311A9F231EEB401C009F9415 = {
			isa = PBXGroup;
			children = (
				311A9F2E1EEB401C009F9415 /* AR Project 3D */,
				311A9F2D1EEB401C009F9415 /* Products */,
			);
			sourceTree = "<group>";
		};
		311A9F2D1EEB401C009F9415 /* Products */ = {
			isa = PBXGroup;
			children = (
				311A9F2C1EEB401C009F9415 /* AR Project 3D.app */,
			);
			name = Products;
			sourceTree = "<group>";
		};
		311A9F2E1EEB401C009F9415 /* AR Project 3D */ = {
			isa = PBXGroup;
			children = (
				313D13D51EFD8FA900733056 /* milkcan.dae */,
				311A9F2F1EEB401C009F9415 /* AppDelegate.swift */,
				311A9F331EEB401C009F9415 /* ViewController.swift */,
				311A9F351EEB401C009F9415 /* Main.storyboard */,
				311A9F381EEB401C009F9415 /* Assets.xcassets */,
				311A9F3A1EEB401C009F9415 /* LaunchScreen.storyboard */,
				311A9F3D1EEB401C009F9415 /* Info.plist */,
			);
			path = "AR Project 3D";
			sourceTree = "<group>";
		};
/* End PBXGroup section */

/* Begin PBXNativeTarget section */
		311A9F2B1EEB401C009F9415 /* AR Project 3D */ = {
			isa = PBXNativeTarget;
			buildConfigurationList = 311A9F401EEB401C009F9415 /* Build configuration list for PBXNativeTarget "AR Project 3D" */;
			buildPhases = (
				311A9F281EEB401C009F9415 /* Sources */,
				311A9F291EEB401C009F9415 /* Frameworks */,
				311A9F2A1EEB401C009F9415 /* Resources */,
			);
			buildRules = (
			);
			dependencies = (
			);
			name = "AR Project 3D";
			productName = "AR Project 3D";
			productReference = 311A9F2C1EEB401C009F9415 /* AR Project 3D.app */;
			productType = "com.apple.product-type.application";
		};
/* End PBXNativeTarget section */

/* Begin PBXProject section */
		311A9F241EEB401C009F9415 /* Project object */ = {
			isa = PBXProject;
			attributes = {
				LastSwiftUpdateCheck = 0900;
				LastUpgradeCheck = 0900;
				ORGANIZATIONNAME = "Milk Can";
				TargetAttributes = {
					311A9F2B1EEB401C009F9415 = {
						CreatedOnToolsVersion = 9.0;
					};
				};
			};
			buildConfigurationList = 311A9F271EEB401C009F9415 /* Build configuration list for PBXProject "AR Project 3D" */;
			compatibilityVersion = "Xcode 8.0";
			developmentRegion = en;
			hasScannedForEncodings = 0;
			knownRegions = (
				en,
				Base,
			);
			mainGroup = 311A9F231EEB401C009F9415;
			productRefGroup = 311A9F2D1EEB401C009F9415 /* Products */;
			projectDirPath = "";
			projectRoot = "";
			targets = (
				311A9F2B1EEB401C009F9415 /* AR Project 3D */,
			);
		};
/* End PBXProject section */

/* Begin PBXResourcesBuildPhase section */
		311A9F2A1EEB401C009F9415 /* Resources */ = {
			isa = PBXResourcesBuildPhase;
			buildActionMask = 2147483647;
			files = (
				311A9F3C1EEB401C009F9415 /* LaunchScreen.storyboard in Resources */,
				311A9F391EEB401C009F9415 /* Assets.xcassets in Resources */,
				313D13D61EFD8FA900733056 /* milkcan.dae in Resources */,
				311A9F371EEB401C009F9415 /* Main.storyboard in Resources */,
			);
			runOnlyForDeploymentPostprocessing = 0;
		};
/* End PBXResourcesBuildPhase section */

/* Begin PBXSourcesBuildPhase section */
		311A9F281EEB401C009F9415 /* Sources */ = {
			isa = PBXSourcesBuildPhase;
			buildActionMask = 2147483647;
			files = (
				311A9F341EEB401C009F9415 /* ViewController.swift in Sources */,
				311A9F301EEB401C009F9415 /* AppDelegate.swift in Sources */,
			);
			runOnlyForDeploymentPostprocessing = 0;
		};
/* End PBXSourcesBuildPhase section */

/* Begin PBXVariantGroup section */
		311A9F351EEB401C009F9415 /* Main.storyboard */ = {
			isa = PBXVariantGroup;
			children = (
				311A9F361EEB401C009F9415 /* Base */,
			);
			name = Main.storyboard;
			sourceTree = "<group>";
		};
		311A9F3A1EEB401C009F9415 /* LaunchScreen.storyboard */ = {
			isa = PBXVariantGroup;
			children = (
				311A9F3B1EEB401C009F9415 /* Base */,
			);
			name = LaunchScreen.storyboard;
			sourceTree = "<group>";
		};
/* End PBXVariantGroup section */

/* Begin XCBuildConfiguration section */
		311A9F3E1EEB401C009F9415 /* Debug */ = {
			isa = XCBuildConfiguration;
			buildSettings = {
				ALWAYS_SEARCH_USER_PATHS = NO;
				CLANG_ANALYZER_NONNULL = YES;
				CLANG_ANALYZER_NUMBER_OBJECT_CONVERSION = YES_AGGRESSIVE;
				CLANG_CXX_LANGUAGE_STANDARD = "gnu++14";
				CLANG_CXX_LIBRARY = "libc++";
				CLANG_ENABLE_MODULES = YES;
				CLANG_ENABLE_OBJC_ARC = YES;
				CLANG_WARN_BLOCK_CAPTURE_AUTORELEASING = YES;
				CLANG_WARN_BOOL_CONVERSION = YES;
				CLANG_WARN_COMMA = YES;
				CLANG_WARN_CONSTANT_CONVERSION = YES;
				CLANG_WARN_DIRECT_OBJC_ISA_USAGE = YES_ERROR;
				CLANG_WARN_DOCUMENTATION_COMMENTS = YES;
				CLANG_WARN_EMPTY_BODY = YES;
				CLANG_WARN_ENUM_CONVERSION = YES;
				CLANG_WARN_INFINITE_RECURSION = YES;
				CLANG_WARN_INT_CONVERSION = YES;
				CLANG_WARN_NON_LITERAL_NULL_CONVERSION = YES;
				CLANG_WARN_OBJC_LITERAL_CONVERSION = YES;
				CLANG_WARN_OBJC_ROOT_CLASS = YES_ERROR;
				CLANG_WARN_RANGE_LOOP_ANALYSIS = YES;
				CLANG_WARN_STRICT_PROTOTYPES = YES;
				CLANG_WARN_SUSPICIOUS_MOVE = YES;
				CLANG_WARN_UNGUARDED_AVAILABILITY = YES_AGGRESSIVE;
				CLANG_WARN_UNREACHABLE_CODE = YES;
				CLANG_WARN__DUPLICATE_METHOD_MATCH = YES;
				CODE_SIGN_IDENTITY = "iPhone Developer";
				COPY_PHASE_STRIP = NO;
				DEBUG_INFORMATION_FORMAT = dwarf;
				ENABLE_STRICT_OBJC_MSGSEND = YES;
				ENABLE_TESTABILITY = YES;
				GCC_C_LANGUAGE_STANDARD = gnu11;
				GCC_DYNAMIC_NO_PIC = NO;
				GCC_NO_COMMON_BLOCKS = YES;
				GCC_OPTIMIZATION_LEVEL = 0;
				GCC_PREPROCESSOR_DEFINITIONS = (
					"DEBUG=1",
					"$(inherited)",
				);
				GCC_WARN_64_TO_32_BIT_CONVERSION = YES;
				GCC_WARN_ABOUT_RETURN_TYPE = YES_ERROR;
				GCC_WARN_UNDECLARED_SELECTOR = YES;
				GCC_WARN_UNINITIALIZED_AUTOS = YES_AGGRESSIVE;
				GCC_WARN_UNUSED_FUNCTION = YES;
				GCC_WARN_UNUSED_VARIABLE = YES;
				IPHONEOS_DEPLOYMENT_TARGET = 11.0;
				MTL_ENABLE_DEBUG_INFO = YES;
				ONLY_ACTIVE_ARCH = YES;
				SDKROOT = iphoneos;
				SWIFT_ACTIVE_COMPILATION_CONDITIONS = DEBUG;
				SWIFT_OPTIMIZATION_LEVEL = "-Onone";
			};
			name = Debug;
		};
		311A9F3F1EEB401C009F9415 /* Release */ = {
			isa = XCBuildConfiguration;
			buildSettings = {
				ALWAYS_SEARCH_USER_PATHS = NO;
				CLANG_ANALYZER_NONNULL = YES;
				CLANG_ANALYZER_NUMBER_OBJECT_CONVERSION = YES_AGGRESSIVE;
				CLANG_CXX_LANGUAGE_STANDARD = "gnu++14";
				CLANG_CXX_LIBRARY = "libc++";
				CLANG_ENABLE_MODULES = YES;
				CLANG_ENABLE_OBJC_ARC = YES;
				CLANG_WARN_BLOCK_CAPTURE_AUTORELEASING = YES;
				CLANG_WARN_BOOL_CONVERSION = YES;
				CLANG_WARN_COMMA = YES;
				CLANG_WARN_CONSTANT_CONVERSION = YES;
				CLANG_WARN_DIRECT_OBJC_ISA_USAGE = YES_ERROR;
				CLANG_WARN_DOCUMENTATION_COMMENTS = YES;
				CLANG_WARN_EMPTY_BODY = YES;
				CLANG_WARN_ENUM_CONVERSION = YES;
				CLANG_WARN_INFINITE_RECURSION = YES;
				CLANG_WARN_INT_CONVERSION = YES;
				CLANG_WARN_NON_LITERAL_NULL_CONVERSION = YES;
				CLANG_WARN_OBJC_LITERAL_CONVERSION = YES;
				CLANG_WARN_OBJC_ROOT_CLASS = YES_ERROR;
				CLANG_WARN_RANGE_LOOP_ANALYSIS = YES;
				CLANG_WARN_STRICT_PROTOTYPES = YES;
				CLANG_WARN_SUSPICIOUS_MOVE = YES;
				CLANG_WARN_UNGUARDED_AVAILABILITY = YES_AGGRESSIVE;
				CLANG_WARN_UNREACHABLE_CODE = YES;
				CLANG_WARN__DUPLICATE_METHOD_MATCH = YES;
				CODE_SIGN_IDENTITY = "iPhone Developer";
				COPY_PHASE_STRIP = NO;
				DEBUG_INFORMATION_FORMAT = "dwarf-with-dsym";
				ENABLE_NS_ASSERTIONS = NO;
				ENABLE_STRICT_OBJC_MSGSEND = YES;
				GCC_C_LANGUAGE_STANDARD = gnu11;
				GCC_NO_COMMON_BLOCKS = YES;
				GCC_WARN_64_TO_32_BIT_CONVERSION = YES;
				GCC_WARN_ABOUT_RETURN_TYPE = YES_ERROR;
				GCC_WARN_UNDECLARED_SELECTOR = YES;
				GCC_WARN_UNINITIALIZED_AUTOS = YES_AGGRESSIVE;
				GCC_WARN_UNUSED_FUNCTION = YES;
				GCC_WARN_UNUSED_VARIABLE = YES;
				IPHONEOS_DEPLOYMENT_TARGET = 11.0;
				MTL_ENABLE_DEBUG_INFO = NO;
				SDKROOT = iphoneos;
				SWIFT_OPTIMIZATION_LEVEL = "-Owholemodule";
				VALIDATE_PRODUCT = YES;
			};
			name = Release;
		};
		311A9F411EEB401C009F9415 /* Debug */ = {
			isa = XCBuildConfiguration;
			buildSettings = {
				ASSETCATALOG_COMPILER_APPICON_NAME = AppIcon;
				DEVELOPMENT_TEAM = ECEKCQEXEK;
				INFOPLIST_FILE = "AR Project 3D/Info.plist";
				LD_RUNPATH_SEARCH_PATHS = "$(inherited) @executable_path/Frameworks";
				PRODUCT_BUNDLE_IDENTIFIER = "com.milkcan.AR-Project-3D";
				PRODUCT_NAME = "$(TARGET_NAME)";
				SWIFT_VERSION = 4.0;
				TARGETED_DEVICE_FAMILY = "1,2";
			};
			name = Debug;
		};
		311A9F421EEB401C009F9415 /* Release */ = {
			isa = XCBuildConfiguration;
			buildSettings = {
				ASSETCATALOG_COMPILER_APPICON_NAME = AppIcon;
				DEVELOPMENT_TEAM = ECEKCQEXEK;
				INFOPLIST_FILE = "AR Project 3D/Info.plist";
				LD_RUNPATH_SEARCH_PATHS = "$(inherited) @executable_path/Frameworks";
				PRODUCT_BUNDLE_IDENTIFIER = "com.milkcan.AR-Project-3D";
				PRODUCT_NAME = "$(TARGET_NAME)";
				SWIFT_VERSION = 4.0;
				TARGETED_DEVICE_FAMILY = "1,2";
			};
			name = Release;
		};
/* End XCBuildConfiguration section */

/* Begin XCConfigurationList section */
		311A9F271EEB401C009F9415 /* Build configuration list for PBXProject "AR Project 3D" */ = {
			isa = XCConfigurationList;
			buildConfigurations = (
				311A9F3E1EEB401C009F9415 /* Debug */,
				311A9F3F1EEB401C009F9415 /* Release */,
			);
			defaultConfigurationIsVisible = 0;
			defaultConfigurationName = Release;
		};
		311A9F401EEB401C009F9415 /* Build configuration list for PBXNativeTarget "AR Project 3D" */ = {
			isa = XCConfigurationList;
			buildConfigurations = (
				311A9F411EEB401C009F9415 /* Debug */,
				311A9F421EEB401C009F9415 /* Release */,
			);
			defaultConfigurationIsVisible = 0;
			defaultConfigurationName = Release;
		};
/* End XCConfigurationList section */
	};
	rootObject = 311A9F241EEB401C009F9415 /* Project object */;
}
